
Microsoft Visual Studio Solution File, Format Version 12.00
# Visual Studio Version 16
VisualStudioVersion = 16.0.31005.135
MinimumVisualStudioVersion = 10.0.40219.1
Project("{8BC9CEB8-8B4A-11D0-8D11-00A0C91BC942}") = "win32_socket_multi_chatting", "win32_socket_multi_chatting\win32_socket_multi_chatting.vcxproj", "{1E50CA40-01D0-4E90-A876-527F142CCAA8}"
EndProject
Global
	GlobalSection(SolutionConfigurationPlatforms) = preSolution
		Debug|x64 = Debug|x64
		Debug|x86 = Debug|x86
		Release|x64 = Release|x64
		Release|x86 = Release|x86
	EndGlobalSection
	GlobalSection(ProjectConfigurationPlatforms) = postSolution
		{1E50CA40-01D0-4E90-A876-527F142CCAA8}.Debug|x64.ActiveCfg = Debug|x64
		{1E50CA40-01D0-4E90-A876-527F142CCAA8}.Debug|x64.Build.0 = Debug|x64
		{1E50CA40-01D0-4E90-A876-527F142CCAA8}.Debug|x86.ActiveCfg = Debug|Win32
		{1E50CA40-01D0-4E90-A876-527F142CCAA8}.Debug|x86.Build.0 = Debug|Win32
		{1E50CA40-01D0-4E90-A876-527F142CCAA8}.Release|x64.ActiveCfg = Release|x64
		{1E50CA40-01D0-4E90-A876-527F142CCAA8}.Release|x64.Build.0 = Release|x64
		{1E50CA40-01D0-4E90-A876-527F142CCAA8}.Release|x86.ActiveCfg = Release|Win32
		{1E50CA40-01D0-4E90-A876-527F142CCAA8}.Release|x86.Build.0 = Release|Win32
	EndGlobalSection
	GlobalSection(SolutionProperties) = preSolution
		HideSolutionNode = FALSE
	EndGlobalSection
	GlobalSection(ExtensibilityGlobals) = postSolution
		SolutionGuid = {3A1F0AC8-70C7-432A-AB57-0D7825FC37FC}
	EndGlobalSection
EndGlobal
